
Microsoft Visual Studio Solution File, Format Version 12.00
# Visual Studio Version 16
VisualStudioVersion = 16.0.32510.428
MinimumVisualStudioVersion = 10.0.40219.1
Project("{9A19103F-16F7-4668-BE54-9A1E7A4F7556}") = "FilmesAPI", "FilmesAPI\FilmesAPI.csproj", "{7F2357B3-DC69-4B4D-B31D-D798B7A4CF61}"
EndProject
Project("{FAE04EC0-301F-11D3-BF4B-00C04F79EFBC}") = "UsuariosAPI", "UsuariosAPI\UsuariosAPI.csproj", "{A54EF87B-05F8-4A45-95BA-E3EBC6AEEC19}"
EndProject
Global
	GlobalSection(SolutionConfigurationPlatforms) = preSolution
		Debug|Any CPU = Debug|Any CPU
		Release|Any CPU = Release|Any CPU
	EndGlobalSection
	GlobalSection(ProjectConfigurationPlatforms) = postSolution
		{7F2357B3-DC69-4B4D-B31D-D798B7A4CF61}.Debug|Any CPU.ActiveCfg = Debug|Any CPU
		{7F2357B3-DC69-4B4D-B31D-D798B7A4CF61}.Debug|Any CPU.Build.0 = Debug|Any CPU
		{7F2357B3-DC69-4B4D-B31D-D798B7A4CF61}.Release|Any CPU.ActiveCfg = Release|Any CPU
		{7F2357B3-DC69-4B4D-B31D-D798B7A4CF61}.Release|Any CPU.Build.0 = Release|Any CPU
		{A54EF87B-05F8-4A45-95BA-E3EBC6AEEC19}.Debug|Any CPU.ActiveCfg = Debug|Any CPU
		{A54EF87B-05F8-4A45-95BA-E3EBC6AEEC19}.Debug|Any CPU.Build.0 = Debug|Any CPU
		{A54EF87B-05F8-4A45-95BA-E3EBC6AEEC19}.Release|Any CPU.ActiveCfg = Release|Any CPU
		{A54EF87B-05F8-4A45-95BA-E3EBC6AEEC19}.Release|Any CPU.Build.0 = Release|Any CPU
	EndGlobalSection
	GlobalSection(SolutionProperties) = preSolution
		HideSolutionNode = FALSE
	EndGlobalSection
	GlobalSection(ExtensibilityGlobals) = postSolution
		SolutionGuid = {A2212BC0-4FC9-46D1-822D-98321D054EEB}
	EndGlobalSection
EndGlobal
